
Microsoft Visual Studio Solution File, Format Version 12.00
# Visual Studio Version 16
VisualStudioVersion = 16.0.31129.286
MinimumVisualStudioVersion = 10.0.40219.1
Project("{FAE04EC0-301F-11D3-BF4B-00C04F79EFBC}") = "web21.6", "web21.6\web21.6.csproj", "{F394D815-D7B5-40DC-9C93-09928518418E}"
EndProject
Global
	GlobalSection(SolutionConfigurationPlatforms) = preSolution
		Debug|Any CPU = Debug|Any CPU
		Release|Any CPU = Release|Any CPU
	EndGlobalSection
	GlobalSection(ProjectConfigurationPlatforms) = postSolution
		{F394D815-D7B5-40DC-9C93-09928518418E}.Debug|Any CPU.ActiveCfg = Debug|Any CPU
		{F394D815-D7B5-40DC-9C93-09928518418E}.Debug|Any CPU.Build.0 = Debug|Any CPU
		{F394D815-D7B5-40DC-9C93-09928518418E}.Release|Any CPU.ActiveCfg = Release|Any CPU
		{F394D815-D7B5-40DC-9C93-09928518418E}.Release|Any CPU.Build.0 = Release|Any CPU
	EndGlobalSection
	GlobalSection(SolutionProperties) = preSolution
		HideSolutionNode = FALSE
	EndGlobalSection
	GlobalSection(ExtensibilityGlobals) = postSolution
		SolutionGuid = {6076F78F-D55B-4813-983B-3E5325DFF2C2}
	EndGlobalSection
EndGlobal
